
Microsoft Visual Studio Solution File, Format Version 12.00
# Visual Studio Version 16
VisualStudioVersion = 16.0.30804.86
MinimumVisualStudioVersion = 10.0.40219.1
Project("{FAE04EC0-301F-11D3-BF4B-00C04F79EFBC}") = "MyBlogApp", "MyBlogApp\MyBlogApp.csproj", "{067B4041-2F27-4DC5-9459-C6691E229F88}"
EndProject
Global
	GlobalSection(SolutionConfigurationPlatforms) = preSolution
		Debug|Any CPU = Debug|Any CPU
		Release|Any CPU = Release|Any CPU
	EndGlobalSection
	GlobalSection(ProjectConfigurationPlatforms) = postSolution
		{067B4041-2F27-4DC5-9459-C6691E229F88}.Debug|Any CPU.ActiveCfg = Debug|Any CPU
		{067B4041-2F27-4DC5-9459-C6691E229F88}.Debug|Any CPU.Build.0 = Debug|Any CPU
		{067B4041-2F27-4DC5-9459-C6691E229F88}.Release|Any CPU.ActiveCfg = Release|Any CPU
		{067B4041-2F27-4DC5-9459-C6691E229F88}.Release|Any CPU.Build.0 = Release|Any CPU
	EndGlobalSection
	GlobalSection(SolutionProperties) = preSolution
		HideSolutionNode = FALSE
	EndGlobalSection
	GlobalSection(ExtensibilityGlobals) = postSolution
		SolutionGuid = {DCB556C3-EE4F-45BF-AB52-5A08C5C0F63F}
	EndGlobalSection
EndGlobal
